PackratFormat: 1.1
PackratVersion: 0.1.0.99
RVersion: 3.2.0
Repos: http://cran.rstudio.org,
  http://bioconductor.org/packages/3.0/bioc,
  http://bioconductor.org/packages/3.0/data/annotation,
  http://bioconductor.org/packages/3.0/data/experiment,
  http://bioconductor.org/packages/3.0/extra

Package: bitops
Source: CRAN
Version: 1.0-6

Package: devtools
Source: CRAN
Version: 1.5
Requires: httr, RCurl, memoise, whisker, evaluate, digest

Package: digest
Source: CRAN
Version: 0.6.4

Package: evaluate
Source: CRAN
Version: 0.5.5
Requires: stringr

Package: formatR
Source: CRAN
Version: 0.10

Package: highr
Source: CRAN
Version: 0.3

Package: httr
Source: CRAN
Version: 0.3
Requires: RCurl, stringr, digest

Package: knitr
Source: CRAN
Version: 1.5
Requires: evaluate, digest, formatR, highr, markdown, stringr

Package: markdown
Source: CRAN
Version: 0.6.5

Package: memoise
Source: CRAN
Version: 0.2.1
Requires: digest

Package: packrat
Source: source
Version: 0.1.0.99
SourcePath: /Users/kevin/git/packrat

Package: RCurl
Source: CRAN
Version: 1.95-4.1
Requires: bitops

Package: stringr
Source: CRAN
Version: 0.6.2

Package: testthat
Source: CRAN
Version: 0.8.1
Requires: digest

Package: whisker
Source: CRAN
Version: 0.3-2
